<?xml version="1.0" encoding="utf-8"?>
<Project ToolsVersion="4.0" xmlns="http://schemas.microsoft.com/developer/msbuild/2003">
  <ItemGroup>
    <Filter Include="Resource Files">
      <UniqueIdentifier>{67DA6AB6-F800-4c08-8B7A-83BB121AAD01}</UniqueIdentifier>
      <Extensions>rc;ico;cur;bmp;dlg;rc2;rct;bin;rgs;gif;jpg;jpeg;jpe;resx;tiff;tif;png;wav;mfcribbon-ms</Extensions>
    </Filter>
    <Filter Include="imGui">
      <UniqueIdentifier>{67afc762-f1fb-414e-927a-a98c60b50c25}</UniqueIdentifier>
    </Filter>
    <Filter Include="source">
      <UniqueIdentifier>{5c6930a6-bc8a-45cb-9c15-0329907cfee9}</UniqueIdentifier>
    </Filter>
    <Filter Include="source\objects">
      <UniqueIdentifier>{a2baf1f3-e800-4ef2-bf5a-ca952daa205b}</UniqueIdentifier>
    </Filter>
    <Filter Include="source\objects\lists">
      <UniqueIdentifier>{0ea689db-1381-4cfe-872b-81d74c932c80}</UniqueIdentifier>
    </Filter>
    <Filter Include="source\rendering">
      <UniqueIdentifier>{007824b0-bd1e-4fb7-9e6f-1ac3100f13e2}</UniqueIdentifier>
    </Filter>
    <Filter Include="source\rendering\global">
      <UniqueIdentifier>{374f8c9a-13b5-488a-8c06-18b9bf753e08}</UniqueIdentifier>
    </Filter>
    <Filter Include="source\objects\shapes">
      <UniqueIdentifier>{11681e88-0c14-4fac-90b6-f9d3e149ba3f}</UniqueIdentifier>
    </Filter>
    <Filter Include="source\objects\camera">
      <UniqueIdentifier>{7e573c77-643b-4f3b-bc67-74494f9ce982}</UniqueIdentifier>
    </Filter>
  </ItemGroup>
  <ItemGroup>
    <ClInclude Include="imGui\imgui_impl_opengl3_loader.h">
      <Filter>imGui</Filter>
    </ClInclude>
    <ClInclude Include="imGui\imgui_internal.h">
      <Filter>imGui</Filter>
    </ClInclude>
    <ClInclude Include="imGui\imstb_rectpack.h">
      <Filter>imGui</Filter>
    </ClInclude>
    <ClInclude Include="imGui\imstb_textedit.h">
      <Filter>imGui</Filter>
    </ClInclude>
    <ClInclude Include="imGui\imstb_truetype.h">
      <Filter>imGui</Filter>
    </ClInclude>
    <ClInclude Include="imGui\imconfig.h">
      <Filter>imGui</Filter>
    </ClInclude>
    <ClInclude Include="imGui\imgui.h">
      <Filter>imGui</Filter>
    </ClInclude>
    <ClInclude Include="imGui\imgui_impl_glfw.h">
      <Filter>imGui</Filter>
    </ClInclude>
    <ClInclude Include="imGui\imgui_impl_opengl3.h">
      <Filter>imGui</Filter>
    </ClInclude>
    <ClInclude Include="shader.hpp">
      <Filter>source\rendering</Filter>
    </ClInclude>
    <ClInclude Include="shadersC.hpp">
      <Filter>source\rendering</Filter>
    </ClInclude>
    <ClInclude Include="cubeShape.hpp">
      <Filter>source\objects\shapes</Filter>
    </ClInclude>
    <ClInclude Include="objectShape.hpp">
      <Filter>source\objects\shapes</Filter>
    </ClInclude>
    <ClInclude Include="rectangleShape.hpp">
      <Filter>source\objects\shapes</Filter>
    </ClInclude>
    <ClInclude Include="triangleShape.hpp">
      <Filter>source\objects\shapes</Filter>
    </ClInclude>
    <ClInclude Include="objectList.hpp">
      <Filter>source\objects\lists</Filter>
    </ClInclude>
    <ClInclude Include="imGuiUi.hpp">
      <Filter>source\rendering\global</Filter>
    </ClInclude>
    <ClInclude Include="rendering.hpp">
      <Filter>source\rendering\global</Filter>
    </ClInclude>
    <ClInclude Include="camera.hpp">
      <Filter>source\objects\camera</Filter>
    </ClInclude>
    <ClInclude Include="texture.hpp">
      <Filter>source\rendering</Filter>
    </ClInclude>
    <ClInclude Include="stb_image.h">
      <Filter>source\rendering\global</Filter>
    </ClInclude>
  </ItemGroup>
  <ItemGroup>
    <ClCompile Include="imGui\imgui_tables.cpp">
      <Filter>imGui</Filter>
    </ClCompile>
    <ClCompile Include="imGui\imgui_widgets.cpp">
      <Filter>imGui</Filter>
    </ClCompile>
    <ClCompile Include="imGui\imgui.cpp">
      <Filter>imGui</Filter>
    </ClCompile>
    <ClCompile Include="imGui\imgui_demo.cpp">
      <Filter>imGui</Filter>
    </ClCompile>
    <ClCompile Include="imGui\imgui_draw.cpp">
      <Filter>imGui</Filter>
    </ClCompile>
    <ClCompile Include="imGui\imgui_impl_glfw.cpp">
      <Filter>imGui</Filter>
    </ClCompile>
    <ClCompile Include="imGui\imgui_impl_opengl3.cpp">
      <Filter>imGui</Filter>
    </ClCompile>
    <ClCompile Include="shader.cpp">
      <Filter>source\rendering</Filter>
    </ClCompile>
    <ClCompile Include="main.cpp">
      <Filter>source</Filter>
    </ClCompile>
    <ClCompile Include="cubeShape.cpp">
      <Filter>source\objects\shapes</Filter>
    </ClCompile>
    <ClCompile Include="objectShape.cpp">
      <Filter>source\objects\shapes</Filter>
    </ClCompile>
    <ClCompile Include="rectangleShape.cpp">
      <Filter>source\objects\shapes</Filter>
    </ClCompile>
    <ClCompile Include="triangleShape.cpp">
      <Filter>source\objects\shapes</Filter>
    </ClCompile>
    <ClCompile Include="objectList.cpp">
      <Filter>source\objects\lists</Filter>
    </ClCompile>
    <ClCompile Include="imGuiUi.cpp">
      <Filter>source\rendering\global</Filter>
    </ClCompile>
    <ClCompile Include="rendering.cpp">
      <Filter>source\rendering\global</Filter>
    </ClCompile>
    <ClCompile Include="glad.c">
      <Filter>source\rendering\global</Filter>
    </ClCompile>
    <ClCompile Include="camera.cpp">
      <Filter>source\objects\camera</Filter>
    </ClCompile>
    <ClCompile Include="texture.cpp">
      <Filter>source\rendering</Filter>
    </ClCompile>
  </ItemGroup>
  <ItemGroup>
    <None Include="..\readme.MD" />
  </ItemGroup>
</Project>